
Microsoft Visual Studio Solution File, Format Version 12.00
# Visual Studio 15
VisualStudioVersion = 15.0.27130.2027
MinimumVisualStudioVersion = 10.0.40219.1
Project("{FAE04EC0-301F-11D3-BF4B-00C04F79EFBC}") = "FM.Business", "Library\FM.Business\FM.Business.csproj", "{2FBC01BB-BCCA-4EBC-9236-31DB5C819EDA}"
EndProject
Project("{FAE04EC0-301F-11D3-BF4B-00C04F79EFBC}") = "FM.Components", "Library\FM.Components\FM.Components.csproj", "{6975CD50-BA72-4BD5-AE6B-40C913A9CA11}"
EndProject
Project("{FAE04EC0-301F-11D3-BF4B-00C04F79EFBC}") = "FM.Controls", "Library\FM.Controls\FM.Controls.csproj", "{41156157-AC23-4B87-BE84-6106DF4662CF}"
EndProject
Project("{FAE04EC0-301F-11D3-BF4B-00C04F79EFBC}") = "FM.DataAccess", "Library\FM.DataAccess\FM.DataAccess.csproj", "{8B957BC7-75CD-4F0B-90A3-650B0A65EC0E}"
EndProject
Project("{E24C65DC-7377-472B-9ABA-BC803B73C61A}") = "myweb", "myweb\", "{10CCB843-730F-4F48-81E0-CAF936D991CA}"
	ProjectSection(WebsiteProperties) = preProject
		SccProjectName = ""
		SccAuxPath = ""
		SccLocalPath = ""
		SccProvider = ""
		TargetFrameworkMoniker = ".NETFramework,Version%3Dv4.0"
		ProjectReferences = "{2FBC01BB-BCCA-4EBC-9236-31DB5C819EDA}|FM.Business.dll;{6975CD50-BA72-4BD5-AE6B-40C913A9CA11}|FM.Components.dll;{41156157-ac23-4b87-be84-6106df4662cf}|FM.Controls.dll;{44801FC4-F82A-4AD5-9302-EE2052A98D75}|MyTy.dll;{9B5099C2-2797-42D1-B4B9-224DF66F21F3}|MySession.dll;{2ac4a465-fe8f-496e-a373-ebf58c447d69}|WeixinUtil.dll;{2c1b8ba9-8f0f-4c56-8b48-9c1b57943c21}|EI.Web.dll;{E771D3A6-4F02-481D-9DB0-05BA53E31379}|Service.DAL.dll;{2E3B06D8-96B0-4DAC-BDDD-758EC8FCD231}|Service.Util.dll;{d73e1422-9e97-4dc5-a32f-b86489f9d67a}|DTO.dll;"
		Debug.AspNetCompiler.VirtualPath = "/myweb"
		Debug.AspNetCompiler.PhysicalPath = "myweb\"
		Debug.AspNetCompiler.TargetPath = "PrecompiledWeb\myweb\"
		Debug.AspNetCompiler.Updateable = "true"
		Debug.AspNetCompiler.ForceOverwrite = "true"
		Debug.AspNetCompiler.FixedNames = "false"
		Debug.AspNetCompiler.Debug = "True"
		Release.AspNetCompiler.VirtualPath = "/myweb"
		Release.AspNetCompiler.PhysicalPath = "myweb\"
		Release.AspNetCompiler.TargetPath = "PrecompiledWeb\myweb\"
		Release.AspNetCompiler.Updateable = "true"
		Release.AspNetCompiler.ForceOverwrite = "true"
		Release.AspNetCompiler.FixedNames = "false"
		Release.AspNetCompiler.Debug = "False"
		VWDPort = "34495"
		SlnRelativePath = "myweb\"
		StartServerOnDebug = "false"
	EndProjectSection
EndProject
Project("{E24C65DC-7377-472B-9ABA-BC803B73C61A}") = "homepage", "homepage\", "{64458841-C56F-46AC-ABCA-0B960B677C9F}"
	ProjectSection(WebsiteProperties) = preProject
		SccProjectName = ""
		SccAuxPath = ""
		SccLocalPath = ""
		SccProvider = ""
		TargetFrameworkMoniker = ".NETFramework,Version%3Dv4.0"
		ProjectReferences = "{44801fc4-f82a-4ad5-9302-ee2052a98d75}|MyTy.dll;{D73E1422-9E97-4DC5-A32F-B86489F9D67A}|DTO.dll;"
		Debug.AspNetCompiler.VirtualPath = "/homepage"
		Debug.AspNetCompiler.PhysicalPath = "homepage\"
		Debug.AspNetCompiler.TargetPath = "PrecompiledWeb\homepage\"
		Debug.AspNetCompiler.Updateable = "true"
		Debug.AspNetCompiler.ForceOverwrite = "true"
		Debug.AspNetCompiler.FixedNames = "false"
		Debug.AspNetCompiler.Debug = "True"
		Release.AspNetCompiler.VirtualPath = "/homepage"
		Release.AspNetCompiler.PhysicalPath = "homepage\"
		Release.AspNetCompiler.TargetPath = "PrecompiledWeb\homepage\"
		Release.AspNetCompiler.Updateable = "true"
		Release.AspNetCompiler.ForceOverwrite = "true"
		Release.AspNetCompiler.FixedNames = "false"
		Release.AspNetCompiler.Debug = "False"
		VWDPort = "22729"
		SlnRelativePath = "homepage\"
		DefaultWebSiteLanguage = "Visual C#"
	EndProjectSection
EndProject
Project("{FAE04EC0-301F-11D3-BF4B-00C04F79EFBC}") = "Service.DAL", "Library\Service.DAL\Service.DAL.csproj", "{E771D3A6-4F02-481D-9DB0-05BA53E31379}"
EndProject
Project("{FAE04EC0-301F-11D3-BF4B-00C04F79EFBC}") = "EI.Web", "Library\EI.WebEdit\EI.Web.csproj", "{2C1B8BA9-8F0F-4C56-8B48-9C1B57943C21}"
EndProject
Project("{FAE04EC0-301F-11D3-BF4B-00C04F79EFBC}") = "MyTy", "Library\MyTy\MyTy.csproj", "{44801FC4-F82A-4AD5-9302-EE2052A98D75}"
EndProject
Project("{FAE04EC0-301F-11D3-BF4B-00C04F79EFBC}") = "MySession", "Library\MySession\MySession.csproj", "{9B5099C2-2797-42D1-B4B9-224DF66F21F3}"
EndProject
Project("{FAE04EC0-301F-11D3-BF4B-00C04F79EFBC}") = "WeixinUtil", "Library\WeixinUtil\WeixinUtil.csproj", "{2AC4A465-FE8F-496E-A373-EBF58C447D69}"
EndProject
Project("{FAE04EC0-301F-11D3-BF4B-00C04F79EFBC}") = "Service.Util", "Library\Service.Util\Service.Util.csproj", "{2E3B06D8-96B0-4DAC-BDDD-758EC8FCD231}"
EndProject
Project("{FAE04EC0-301F-11D3-BF4B-00C04F79EFBC}") = "DTO", "Library\DTO\DTO.csproj", "{D73E1422-9E97-4DC5-A32F-B86489F9D67A}"
EndProject
Project("{E24C65DC-7377-472B-9ABA-BC803B73C61A}") = "Comet", "Comet\", "{B7BC8D36-EC13-4EB2-946E-169DC09326D8}"
	ProjectSection(WebsiteProperties) = preProject
		TargetFrameworkMoniker = ".NETFramework,Version%3Dv4.0"
		ProjectReferences = "{44801fc4-f82a-4ad5-9302-ee2052a98d75}|MyTy.dll;{D73E1422-9E97-4DC5-A32F-B86489F9D67A}|DTO.dll;"
		Debug.AspNetCompiler.VirtualPath = "/localhost_31093"
		Debug.AspNetCompiler.PhysicalPath = "Comet\"
		Debug.AspNetCompiler.TargetPath = "PrecompiledWeb\localhost_31093\"
		Debug.AspNetCompiler.Updateable = "true"
		Debug.AspNetCompiler.ForceOverwrite = "true"
		Debug.AspNetCompiler.FixedNames = "false"
		Debug.AspNetCompiler.Debug = "True"
		Release.AspNetCompiler.VirtualPath = "/localhost_31093"
		Release.AspNetCompiler.PhysicalPath = "Comet\"
		Release.AspNetCompiler.TargetPath = "PrecompiledWeb\localhost_31093\"
		Release.AspNetCompiler.Updateable = "true"
		Release.AspNetCompiler.ForceOverwrite = "true"
		Release.AspNetCompiler.FixedNames = "false"
		Release.AspNetCompiler.Debug = "False"
		VWDPort = "31093"
		SlnRelativePath = "Comet\"
		DefaultWebSiteLanguage = "Visual C#"
	EndProjectSection
EndProject
Global
	GlobalSection(SolutionConfigurationPlatforms) = preSolution
		Debug|Any CPU = Debug|Any CPU
		Release|Any CPU = Release|Any CPU
	EndGlobalSection
	GlobalSection(ProjectConfigurationPlatforms) = postSolution
		{2FBC01BB-BCCA-4EBC-9236-31DB5C819EDA}.Debug|Any CPU.ActiveCfg = Debug|Any CPU
		{2FBC01BB-BCCA-4EBC-9236-31DB5C819EDA}.Debug|Any CPU.Build.0 = Debug|Any CPU
		{2FBC01BB-BCCA-4EBC-9236-31DB5C819EDA}.Release|Any CPU.ActiveCfg = Release|Any CPU
		{2FBC01BB-BCCA-4EBC-9236-31DB5C819EDA}.Release|Any CPU.Build.0 = Release|Any CPU
		{6975CD50-BA72-4BD5-AE6B-40C913A9CA11}.Debug|Any CPU.ActiveCfg = Debug|Any CPU
		{6975CD50-BA72-4BD5-AE6B-40C913A9CA11}.Debug|Any CPU.Build.0 = Debug|Any CPU
		{6975CD50-BA72-4BD5-AE6B-40C913A9CA11}.Release|Any CPU.ActiveCfg = Release|Any CPU
		{6975CD50-BA72-4BD5-AE6B-40C913A9CA11}.Release|Any CPU.Build.0 = Release|Any CPU
		{41156157-AC23-4B87-BE84-6106DF4662CF}.Debug|Any CPU.ActiveCfg = Debug|Any CPU
		{41156157-AC23-4B87-BE84-6106DF4662CF}.Debug|Any CPU.Build.0 = Debug|Any CPU
		{41156157-AC23-4B87-BE84-6106DF4662CF}.Release|Any CPU.ActiveCfg = Release|Any CPU
		{41156157-AC23-4B87-BE84-6106DF4662CF}.Release|Any CPU.Build.0 = Release|Any CPU
		{8B957BC7-75CD-4F0B-90A3-650B0A65EC0E}.Debug|Any CPU.ActiveCfg = Debug|Any CPU
		{8B957BC7-75CD-4F0B-90A3-650B0A65EC0E}.Debug|Any CPU.Build.0 = Debug|Any CPU
		{8B957BC7-75CD-4F0B-90A3-650B0A65EC0E}.Release|Any CPU.ActiveCfg = Release|Any CPU
		{8B957BC7-75CD-4F0B-90A3-650B0A65EC0E}.Release|Any CPU.Build.0 = Release|Any CPU
		{10CCB843-730F-4F48-81E0-CAF936D991CA}.Debug|Any CPU.ActiveCfg = Debug|Any CPU
		{10CCB843-730F-4F48-81E0-CAF936D991CA}.Debug|Any CPU.Build.0 = Debug|Any CPU
		{10CCB843-730F-4F48-81E0-CAF936D991CA}.Release|Any CPU.ActiveCfg = Debug|Any CPU
		{10CCB843-730F-4F48-81E0-CAF936D991CA}.Release|Any CPU.Build.0 = Debug|Any CPU
		{64458841-C56F-46AC-ABCA-0B960B677C9F}.Debug|Any CPU.ActiveCfg = Debug|Any CPU
		{64458841-C56F-46AC-ABCA-0B960B677C9F}.Debug|Any CPU.Build.0 = Debug|Any CPU
		{64458841-C56F-46AC-ABCA-0B960B677C9F}.Release|Any CPU.ActiveCfg = Debug|Any CPU
		{64458841-C56F-46AC-ABCA-0B960B677C9F}.Release|Any CPU.Build.0 = Debug|Any CPU
		{E771D3A6-4F02-481D-9DB0-05BA53E31379}.Debug|Any CPU.ActiveCfg = Debug|Any CPU
		{E771D3A6-4F02-481D-9DB0-05BA53E31379}.Debug|Any CPU.Build.0 = Debug|Any CPU
		{E771D3A6-4F02-481D-9DB0-05BA53E31379}.Release|Any CPU.ActiveCfg = Release|Any CPU
		{E771D3A6-4F02-481D-9DB0-05BA53E31379}.Release|Any CPU.Build.0 = Release|Any CPU
		{2C1B8BA9-8F0F-4C56-8B48-9C1B57943C21}.Debug|Any CPU.ActiveCfg = Debug|Any CPU
		{2C1B8BA9-8F0F-4C56-8B48-9C1B57943C21}.Debug|Any CPU.Build.0 = Debug|Any CPU
		{2C1B8BA9-8F0F-4C56-8B48-9C1B57943C21}.Release|Any CPU.ActiveCfg = Release|Any CPU
		{2C1B8BA9-8F0F-4C56-8B48-9C1B57943C21}.Release|Any CPU.Build.0 = Release|Any CPU
		{44801FC4-F82A-4AD5-9302-EE2052A98D75}.Debug|Any CPU.ActiveCfg = Debug|Any CPU
		{44801FC4-F82A-4AD5-9302-EE2052A98D75}.Debug|Any CPU.Build.0 = Debug|Any CPU
		{44801FC4-F82A-4AD5-9302-EE2052A98D75}.Release|Any CPU.ActiveCfg = Release|Any CPU
		{44801FC4-F82A-4AD5-9302-EE2052A98D75}.Release|Any CPU.Build.0 = Release|Any CPU
		{9B5099C2-2797-42D1-B4B9-224DF66F21F3}.Debug|Any CPU.ActiveCfg = Debug|Any CPU
		{9B5099C2-2797-42D1-B4B9-224DF66F21F3}.Debug|Any CPU.Build.0 = Debug|Any CPU
		{9B5099C2-2797-42D1-B4B9-224DF66F21F3}.Release|Any CPU.ActiveCfg = Release|Any CPU
		{9B5099C2-2797-42D1-B4B9-224DF66F21F3}.Release|Any CPU.Build.0 = Release|Any CPU
		{2AC4A465-FE8F-496E-A373-EBF58C447D69}.Debug|Any CPU.ActiveCfg = Debug|Any CPU
		{2AC4A465-FE8F-496E-A373-EBF58C447D69}.Debug|Any CPU.Build.0 = Debug|Any CPU
		{2AC4A465-FE8F-496E-A373-EBF58C447D69}.Release|Any CPU.ActiveCfg = Release|Any CPU
		{2AC4A465-FE8F-496E-A373-EBF58C447D69}.Release|Any CPU.Build.0 = Release|Any CPU
		{2E3B06D8-96B0-4DAC-BDDD-758EC8FCD231}.Debug|Any CPU.ActiveCfg = Debug|Any CPU
		{2E3B06D8-96B0-4DAC-BDDD-758EC8FCD231}.Debug|Any CPU.Build.0 = Debug|Any CPU
		{2E3B06D8-96B0-4DAC-BDDD-758EC8FCD231}.Release|Any CPU.ActiveCfg = Release|Any CPU
		{2E3B06D8-96B0-4DAC-BDDD-758EC8FCD231}.Release|Any CPU.Build.0 = Release|Any CPU
		{D73E1422-9E97-4DC5-A32F-B86489F9D67A}.Debug|Any CPU.ActiveCfg = Debug|Any CPU
		{D73E1422-9E97-4DC5-A32F-B86489F9D67A}.Debug|Any CPU.Build.0 = Debug|Any CPU
		{D73E1422-9E97-4DC5-A32F-B86489F9D67A}.Release|Any CPU.ActiveCfg = Release|Any CPU
		{D73E1422-9E97-4DC5-A32F-B86489F9D67A}.Release|Any CPU.Build.0 = Release|Any CPU
		{B7BC8D36-EC13-4EB2-946E-169DC09326D8}.Debug|Any CPU.ActiveCfg = Debug|Any CPU
		{B7BC8D36-EC13-4EB2-946E-169DC09326D8}.Debug|Any CPU.Build.0 = Debug|Any CPU
		{B7BC8D36-EC13-4EB2-946E-169DC09326D8}.Release|Any CPU.ActiveCfg = Debug|Any CPU
		{B7BC8D36-EC13-4EB2-946E-169DC09326D8}.Release|Any CPU.Build.0 = Debug|Any CPU
	EndGlobalSection
	GlobalSection(SolutionProperties) = preSolution
		HideSolutionNode = FALSE
	EndGlobalSection
	GlobalSection(ExtensibilityGlobals) = postSolution
		SolutionGuid = {1F8118F4-7491-4B94-A9E7-1FF54B9A28BD}
	EndGlobalSection
EndGlobal
